// !$*UTF8*$!
{
	archiveVersion = 1;
	classes = {
	};
	objectVersion = 50;
	objects = {

/* Begin PBXBuildFile section */
		E054CC462656EB83000B787B /* zebra.mp4 in Resources */ = {isa = PBXBuildFile; fileRef = E054CC3C2656EB81000B787B /* zebra.mp4 */; };
		E054CC472656EB83000B787B /* elephant.mp4 in Resources */ = {isa = PBXBuildFile; fileRef = E054CC3D2656EB81000B787B /* elephant.mp4 */; };
		E054CC482656EB83000B787B /* giraffe.mp4 in Resources */ = {isa = PBXBuildFile; fileRef = E054CC3E2656EB82000B787B /* giraffe.mp4 */; };
		E054CC492656EB83000B787B /* ostrich.mp4 in Resources */ = {isa = PBXBuildFile; fileRef = E054CC3F2656EB82000B787B /* ostrich.mp4 */; };
		E054CC4A2656EB83000B787B /* rhino.mp4 in Resources */ = {isa = PBXBuildFile; fileRef = E054CC402656EB82000B787B /* rhino.mp4 */; };
		E054CC4B2656EB83000B787B /* cheetah.mp4 in Resources */ = {isa = PBXBuildFile; fileRef = E054CC412656EB82000B787B /* cheetah.mp4 */; };
		E054CC4C2656EB83000B787B /* gorilla.mp4 in Resources */ = {isa = PBXBuildFile; fileRef = E054CC422656EB82000B787B /* gorilla.mp4 */; };
		E054CC4D2656EB83000B787B /* lion.mp4 in Resources */ = {isa = PBXBuildFile; fileRef = E054CC432656EB83000B787B /* lion.mp4 */; };
		E054CC4E2656EB83000B787B /* lioness.mp4 in Resources */ = {isa = PBXBuildFile; fileRef = E054CC442656EB83000B787B /* lioness.mp4 */; };
		E054CC4F2656EB83000B787B /* hippo.mp4 in Resources */ = {isa = PBXBuildFile; fileRef = E054CC452656EB83000B787B /* hippo.mp4 */; };
		E054CC552656EC42000B787B /* locations.json in Resources */ = {isa = PBXBuildFile; fileRef = E054CC512656EC42000B787B /* locations.json */; };
		E054CC562656EC42000B787B /* covers.json in Resources */ = {isa = PBXBuildFile; fileRef = E054CC522656EC42000B787B /* covers.json */; };
		E054CC572656EC42000B787B /* animals.json in Resources */ = {isa = PBXBuildFile; fileRef = E054CC532656EC42000B787B /* animals.json */; };
		E054CC582656EC42000B787B /* videos.json in Resources */ = {isa = PBXBuildFile; fileRef = E054CC542656EC42000B787B /* videos.json */; };
		E054CC5B2656EE9A000B787B /* VideoListView.swift in Sources */ = {isa = PBXBuildFile; fileRef = E054CC5A2656EE9A000B787B /* VideoListView.swift */; };
		E054CC5D2656EEBA000B787B /* MapView.swift in Sources */ = {isa = PBXBuildFile; fileRef = E054CC5C2656EEBA000B787B /* MapView.swift */; };
		E054CC5F2656EECD000B787B /* GalleryView.swift in Sources */ = {isa = PBXBuildFile; fileRef = E054CC5E2656EECD000B787B /* GalleryView.swift */; };
		E054CC612656EEDB000B787B /* MainView.swift in Sources */ = {isa = PBXBuildFile; fileRef = E054CC602656EEDB000B787B /* MainView.swift */; };
		E054CC6426572381000B787B /* CoverImageView.swift in Sources */ = {isa = PBXBuildFile; fileRef = E054CC6326572381000B787B /* CoverImageView.swift */; };
		E054CC67265725C4000B787B /* CoverImageModel.swift in Sources */ = {isa = PBXBuildFile; fileRef = E054CC66265725C4000B787B /* CoverImageModel.swift */; };
		E077AFA82655E72900AF6AFB /* AfricaApp.swift in Sources */ = {isa = PBXBuildFile; fileRef = E077AFA72655E72900AF6AFB /* AfricaApp.swift */; };
		E077AFAA2655E72900AF6AFB /* ContentView.swift in Sources */ = {isa = PBXBuildFile; fileRef = E077AFA92655E72900AF6AFB /* ContentView.swift */; };
		E077AFAC2655E72A00AF6AFB /* Assets.xcassets in Resources */ = {isa = PBXBuildFile; fileRef = E077AFAB2655E72A00AF6AFB /* Assets.xcassets */; };
		E077AFAF2655E72A00AF6AFB /* Preview Assets.xcassets in Resources */ = {isa = PBXBuildFile; fileRef = E077AFAE2655E72A00AF6AFB /* Preview Assets.xcassets */; };
/* End PBXBuildFile section */

/* Begin PBXFileReference section */
		E054CC3C2656EB81000B787B /* zebra.mp4 */ = {isa = PBXFileReference; lastKnownFileType = file; path = zebra.mp4; sourceTree = "<group>"; };
		E054CC3D2656EB81000B787B /* elephant.mp4 */ = {isa = PBXFileReference; lastKnownFileType = file; path = elephant.mp4; sourceTree = "<group>"; };
		E054CC3E2656EB82000B787B /* giraffe.mp4 */ = {isa = PBXFileReference; lastKnownFileType = file; path = giraffe.mp4; sourceTree = "<group>"; };
		E054CC3F2656EB82000B787B /* ostrich.mp4 */ = {isa = PBXFileReference; lastKnownFileType = file; path = ostrich.mp4; sourceTree = "<group>"; };
		E054CC402656EB82000B787B /* rhino.mp4 */ = {isa = PBXFileReference; lastKnownFileType = file; path = rhino.mp4; sourceTree = "<group>"; };
		E054CC412656EB82000B787B /* cheetah.mp4 */ = {isa = PBXFileReference; lastKnownFileType = file; path = cheetah.mp4; sourceTree = "<group>"; };
		E054CC422656EB82000B787B /* gorilla.mp4 */ = {isa = PBXFileReference; lastKnownFileType = file; path = gorilla.mp4; sourceTree = "<group>"; };
		E054CC432656EB83000B787B /* lion.mp4 */ = {isa = PBXFileReference; lastKnownFileType = file; path = lion.mp4; sourceTree = "<group>"; };
		E054CC442656EB83000B787B /* lioness.mp4 */ = {isa = PBXFileReference; lastKnownFileType = file; path = lioness.mp4; sourceTree = "<group>"; };
		E054CC452656EB83000B787B /* hippo.mp4 */ = {isa = PBXFileReference; lastKnownFileType = file; path = hippo.mp4; sourceTree = "<group>"; };
		E054CC512656EC42000B787B /* locations.json */ = {isa = PBXFileReference; fileEncoding = 4; lastKnownFileType = text.json; path = locations.json; sourceTree = "<group>"; };
		E054CC522656EC42000B787B /* covers.json */ = {isa = PBXFileReference; fileEncoding = 4; lastKnownFileType = text.json; path = covers.json; sourceTree = "<group>"; };
		E054CC532656EC42000B787B /* animals.json */ = {isa = PBXFileReference; fileEncoding = 4; lastKnownFileType = text.json; path = animals.json; sourceTree = "<group>"; };
		E054CC542656EC42000B787B /* videos.json */ = {isa = PBXFileReference; fileEncoding = 4; lastKnownFileType = text.json; path = videos.json; sourceTree = "<group>"; };
		E054CC5A2656EE9A000B787B /* VideoListView.swift */ = {isa = PBXFileReference; lastKnownFileType = sourcecode.swift; path = VideoListView.swift; sourceTree = "<group>"; };
		E054CC5C2656EEBA000B787B /* MapView.swift */ = {isa = PBXFileReference; lastKnownFileType = sourcecode.swift; path = MapView.swift; sourceTree = "<group>"; };
		E054CC5E2656EECD000B787B /* GalleryView.swift */ = {isa = PBXFileReference; lastKnownFileType = sourcecode.swift; path = GalleryView.swift; sourceTree = "<group>"; };
		E054CC602656EEDB000B787B /* MainView.swift */ = {isa = PBXFileReference; lastKnownFileType = sourcecode.swift; path = MainView.swift; sourceTree = "<group>"; };
		E054CC6326572381000B787B /* CoverImageView.swift */ = {isa = PBXFileReference; lastKnownFileType = sourcecode.swift; path = CoverImageView.swift; sourceTree = "<group>"; };
		E054CC66265725C4000B787B /* CoverImageModel.swift */ = {isa = PBXFileReference; lastKnownFileType = sourcecode.swift; path = CoverImageModel.swift; sourceTree = "<group>"; };
		E077AFA42655E72900AF6AFB /* Africa.app */ = {isa = PBXFileReference; explicitFileType = wrapper.application; includeInIndex = 0; path = Africa.app; sourceTree = BUILT_PRODUCTS_DIR; };
		E077AFA72655E72900AF6AFB /* AfricaApp.swift */ = {isa = PBXFileReference; lastKnownFileType = sourcecode.swift; path = AfricaApp.swift; sourceTree = "<group>"; };
		E077AFA92655E72900AF6AFB /* ContentView.swift */ = {isa = PBXFileReference; lastKnownFileType = sourcecode.swift; path = ContentView.swift; sourceTree = "<group>"; };
		E077AFAB2655E72A00AF6AFB /* Assets.xcassets */ = {isa = PBXFileReference; lastKnownFileType = folder.assetcatalog; path = Assets.xcassets; sourceTree = "<group>"; };
		E077AFAE2655E72A00AF6AFB /* Preview Assets.xcassets */ = {isa = PBXFileReference; lastKnownFileType = folder.assetcatalog; path = "Preview Assets.xcassets"; sourceTree = "<group>"; };
		E077AFB02655E72A00AF6AFB /* Info.plist */ = {isa = PBXFileReference; lastKnownFileType = text.plist.xml; path = Info.plist; sourceTree = "<group>"; };
/* End PBXFileReference section */

/* Begin PBXFrameworksBuildPhase section */
		E077AFA12655E72900AF6AFB /* Frameworks */ = {
			isa = PBXFrameworksBuildPhase;
			buildActionMask = 2147483647;
			files = (
			);
			runOnlyForDeploymentPostprocessing = 0;
		};
/* End PBXFrameworksBuildPhase section */

/* Begin PBXGroup section */
		E054CC3B2656EB5B000B787B /* Video */ = {
			isa = PBXGroup;
			children = (
				E054CC412656EB82000B787B /* cheetah.mp4 */,
				E054CC3D2656EB81000B787B /* elephant.mp4 */,
				E054CC3E2656EB82000B787B /* giraffe.mp4 */,
				E054CC422656EB82000B787B /* gorilla.mp4 */,
				E054CC452656EB83000B787B /* hippo.mp4 */,
				E054CC432656EB83000B787B /* lion.mp4 */,
				E054CC442656EB83000B787B /* lioness.mp4 */,
				E054CC3F2656EB82000B787B /* ostrich.mp4 */,
				E054CC402656EB82000B787B /* rhino.mp4 */,
				E054CC3C2656EB81000B787B /* zebra.mp4 */,
			);
			path = Video;
			sourceTree = "<group>";
		};
		E054CC502656EC22000B787B /* Data */ = {
			isa = PBXGroup;
			children = (
				E054CC532656EC42000B787B /* animals.json */,
				E054CC522656EC42000B787B /* covers.json */,
				E054CC512656EC42000B787B /* locations.json */,
				E054CC542656EC42000B787B /* videos.json */,
			);
			path = Data;
			sourceTree = "<group>";
		};
		E054CC592656EDD3000B787B /* App */ = {
			isa = PBXGroup;
			children = (
				E077AFA72655E72900AF6AFB /* AfricaApp.swift */,
				E077AFA92655E72900AF6AFB /* ContentView.swift */,
				E054CC5A2656EE9A000B787B /* VideoListView.swift */,
				E054CC5C2656EEBA000B787B /* MapView.swift */,
				E054CC5E2656EECD000B787B /* GalleryView.swift */,
				E054CC602656EEDB000B787B /* MainView.swift */,
			);
			path = App;
			sourceTree = "<group>";
		};
		E054CC6226572365000B787B /* View */ = {
			isa = PBXGroup;
			children = (
				E054CC6326572381000B787B /* CoverImageView.swift */,
			);
			path = View;
			sourceTree = "<group>";
		};
		E054CC6526572592000B787B /* Model */ = {
			isa = PBXGroup;
			children = (
				E054CC66265725C4000B787B /* CoverImageModel.swift */,
			);
			path = Model;
			sourceTree = "<group>";
		};
		E077AF9B2655E72900AF6AFB = {
			isa = PBXGroup;
			children = (
				E077AFA62655E72900AF6AFB /* Africa */,
				E077AFA52655E72900AF6AFB /* Products */,
			);
			sourceTree = "<group>";
		};
		E077AFA52655E72900AF6AFB /* Products */ = {
			isa = PBXGroup;
			children = (
				E077AFA42655E72900AF6AFB /* Africa.app */,
			);
			name = Products;
			sourceTree = "<group>";
		};
		E077AFA62655E72900AF6AFB /* Africa */ = {
			isa = PBXGroup;
			children = (
				E054CC6526572592000B787B /* Model */,
				E054CC6226572365000B787B /* View */,
				E054CC502656EC22000B787B /* Data */,
				E054CC3B2656EB5B000B787B /* Video */,
				E054CC592656EDD3000B787B /* App */,
				E077AFAB2655E72A00AF6AFB /* Assets.xcassets */,
				E077AFB02655E72A00AF6AFB /* Info.plist */,
				E077AFAD2655E72A00AF6AFB /* Preview Content */,
			);
			path = Africa;
			sourceTree = "<group>";
		};
		E077AFAD2655E72A00AF6AFB /* Preview Content */ = {
			isa = PBXGroup;
			children = (
				E077AFAE2655E72A00AF6AFB /* Preview Assets.xcassets */,
			);
			path = "Preview Content";
			sourceTree = "<group>";
		};
/* End PBXGroup section */

/* Begin PBXNativeTarget section */
		E077AFA32655E72900AF6AFB /* Africa */ = {
			isa = PBXNativeTarget;
			buildConfigurationList = E077AFB32655E72A00AF6AFB /* Build configuration list for PBXNativeTarget "Africa" */;
			buildPhases = (
				E077AFA02655E72900AF6AFB /* Sources */,
				E077AFA12655E72900AF6AFB /* Frameworks */,
				E077AFA22655E72900AF6AFB /* Resources */,
			);
			buildRules = (
			);
			dependencies = (
			);
			name = Africa;
			productName = Africa;
			productReference = E077AFA42655E72900AF6AFB /* Africa.app */;
			productType = "com.apple.product-type.application";
		};
/* End PBXNativeTarget section */

/* Begin PBXProject section */
		E077AF9C2655E72900AF6AFB /* Project object */ = {
			isa = PBXProject;
			attributes = {
				LastSwiftUpdateCheck = 1250;
				LastUpgradeCheck = 1250;
				TargetAttributes = {
					E077AFA32655E72900AF6AFB = {
						CreatedOnToolsVersion = 12.5;
					};
				};
			};
			buildConfigurationList = E077AF9F2655E72900AF6AFB /* Build configuration list for PBXProject "Africa" */;
			compatibilityVersion = "Xcode 9.3";
			developmentRegion = en;
			hasScannedForEncodings = 0;
			knownRegions = (
				en,
				Base,
			);
			mainGroup = E077AF9B2655E72900AF6AFB;
			productRefGroup = E077AFA52655E72900AF6AFB /* Products */;
			projectDirPath = "";
			projectRoot = "";
			targets = (
				E077AFA32655E72900AF6AFB /* Africa */,
			);
		};
/* End PBXProject section */

/* Begin PBXResourcesBuildPhase section */
		E077AFA22655E72900AF6AFB /* Resources */ = {
			isa = PBXResourcesBuildPhase;
			buildActionMask = 2147483647;
			files = (
				E054CC572656EC42000B787B /* animals.json in Resources */,
				E054CC552656EC42000B787B /* locations.json in Resources */,
				E054CC492656EB83000B787B /* ostrich.mp4 in Resources */,
				E054CC4E2656EB83000B787B /* lioness.mp4 in Resources */,
				E054CC4C2656EB83000B787B /* gorilla.mp4 in Resources */,
				E054CC472656EB83000B787B /* elephant.mp4 in Resources */,
				E054CC4F2656EB83000B787B /* hippo.mp4 in Resources */,
				E054CC4D2656EB83000B787B /* lion.mp4 in Resources */,
				E054CC562656EC42000B787B /* covers.json in Resources */,
				E077AFAF2655E72A00AF6AFB /* Preview Assets.xcassets in Resources */,
				E054CC462656EB83000B787B /* zebra.mp4 in Resources */,
				E054CC4B2656EB83000B787B /* cheetah.mp4 in Resources */,
				E054CC4A2656EB83000B787B /* rhino.mp4 in Resources */,
				E054CC582656EC42000B787B /* videos.json in Resources */,
				E077AFAC2655E72A00AF6AFB /* Assets.xcassets in Resources */,
				E054CC482656EB83000B787B /* giraffe.mp4 in Resources */,
			);
			runOnlyForDeploymentPostprocessing = 0;
		};
/* End PBXResourcesBuildPhase section */

/* Begin PBXSourcesBuildPhase section */
		E077AFA02655E72900AF6AFB /* Sources */ = {
			isa = PBXSourcesBuildPhase;
			buildActionMask = 2147483647;
			files = (
				E077AFAA2655E72900AF6AFB /* ContentView.swift in Sources */,
				E054CC612656EEDB000B787B /* MainView.swift in Sources */,
				E054CC6426572381000B787B /* CoverImageView.swift in Sources */,
				E054CC67265725C4000B787B /* CoverImageModel.swift in Sources */,
				E054CC5D2656EEBA000B787B /* MapView.swift in Sources */,
				E077AFA82655E72900AF6AFB /* AfricaApp.swift in Sources */,
				E054CC5B2656EE9A000B787B /* VideoListView.swift in Sources */,
				E054CC5F2656EECD000B787B /* GalleryView.swift in Sources */,
			);
			runOnlyForDeploymentPostprocessing = 0;
		};
/* End PBXSourcesBuildPhase section */

/* Begin XCBuildConfiguration section */
		E077AFB12655E72A00AF6AFB /* Debug */ = {
			isa = XCBuildConfiguration;
			buildSettings = {
				ALWAYS_SEARCH_USER_PATHS = NO;
				CLANG_ANALYZER_NONNULL = YES;
				CLANG_ANALYZER_NUMBER_OBJECT_CONVERSION = YES_AGGRESSIVE;
				CLANG_CXX_LANGUAGE_STANDARD = "gnu++14";
				CLANG_CXX_LIBRARY = "libc++";
				CLANG_ENABLE_MODULES = YES;
				CLANG_ENABLE_OBJC_ARC = YES;
				CLANG_ENABLE_OBJC_WEAK = YES;
				CLANG_WARN_BLOCK_CAPTURE_AUTORELEASING = YES;
				CLANG_WARN_BOOL_CONVERSION = YES;
				CLANG_WARN_COMMA = YES;
				CLANG_WARN_CONSTANT_CONVERSION = YES;
				CLANG_WARN_DEPRECATED_OBJC_IMPLEMENTATIONS = YES;
				CLANG_WARN_DIRECT_OBJC_ISA_USAGE = YES_ERROR;
				CLANG_WARN_DOCUMENTATION_COMMENTS = YES;
				CLANG_WARN_EMPTY_BODY = YES;
				CLANG_WARN_ENUM_CONVERSION = YES;
				CLANG_WARN_INFINITE_RECURSION = YES;
				CLANG_WARN_INT_CONVERSION = YES;
				CLANG_WARN_NON_LITERAL_NULL_CONVERSION = YES;
				CLANG_WARN_OBJC_IMPLICIT_RETAIN_SELF = YES;
				CLANG_WARN_OBJC_LITERAL_CONVERSION = YES;
				CLANG_WARN_OBJC_ROOT_CLASS = YES_ERROR;
				CLANG_WARN_QUOTED_INCLUDE_IN_FRAMEWORK_HEADER = YES;
				CLANG_WARN_RANGE_LOOP_ANALYSIS = YES;
				CLANG_WARN_STRICT_PROTOTYPES = YES;
				CLANG_WARN_SUSPICIOUS_MOVE = YES;
				CLANG_WARN_UNGUARDED_AVAILABILITY = YES_AGGRESSIVE;
				CLANG_WARN_UNREACHABLE_CODE = YES;
				CLANG_WARN__DUPLICATE_METHOD_MATCH = YES;
				COPY_PHASE_STRIP = NO;
				DEBUG_INFORMATION_FORMAT = dwarf;
				ENABLE_STRICT_OBJC_MSGSEND = YES;
				ENABLE_TESTABILITY = YES;
				GCC_C_LANGUAGE_STANDARD = gnu11;
				GCC_DYNAMIC_NO_PIC = NO;
				GCC_NO_COMMON_BLOCKS = YES;
				GCC_OPTIMIZATION_LEVEL = 0;
				GCC_PREPROCESSOR_DEFINITIONS = (
					"DEBUG=1",
					"$(inherited)",
				);
				GCC_WARN_64_TO_32_BIT_CONVERSION = YES;
				GCC_WARN_ABOUT_RETURN_TYPE = YES_ERROR;
				GCC_WARN_UNDECLARED_SELECTOR = YES;
				GCC_WARN_UNINITIALIZED_AUTOS = YES_AGGRESSIVE;
				GCC_WARN_UNUSED_FUNCTION = YES;
				GCC_WARN_UNUSED_VARIABLE = YES;
				IPHONEOS_DEPLOYMENT_TARGET = 14.5;
				MTL_ENABLE_DEBUG_INFO = INCLUDE_SOURCE;
				MTL_FAST_MATH = YES;
				ONLY_ACTIVE_ARCH = YES;
				SDKROOT = iphoneos;
				SWIFT_ACTIVE_COMPILATION_CONDITIONS = DEBUG;
				SWIFT_OPTIMIZATION_LEVEL = "-Onone";
			};
			name = Debug;
		};
		E077AFB22655E72A00AF6AFB /* Release */ = {
			isa = XCBuildConfiguration;
			buildSettings = {
				ALWAYS_SEARCH_USER_PATHS = NO;
				CLANG_ANALYZER_NONNULL = YES;
				CLANG_ANALYZER_NUMBER_OBJECT_CONVERSION = YES_AGGRESSIVE;
				CLANG_CXX_LANGUAGE_STANDARD = "gnu++14";
				CLANG_CXX_LIBRARY = "libc++";
				CLANG_ENABLE_MODULES = YES;
				CLANG_ENABLE_OBJC_ARC = YES;
				CLANG_ENABLE_OBJC_WEAK = YES;
				CLANG_WARN_BLOCK_CAPTURE_AUTORELEASING = YES;
				CLANG_WARN_BOOL_CONVERSION = YES;
				CLANG_WARN_COMMA = YES;
				CLANG_WARN_CONSTANT_CONVERSION = YES;
				CLANG_WARN_DEPRECATED_OBJC_IMPLEMENTATIONS = YES;
				CLANG_WARN_DIRECT_OBJC_ISA_USAGE = YES_ERROR;
				CLANG_WARN_DOCUMENTATION_COMMENTS = YES;
				CLANG_WARN_EMPTY_BODY = YES;
				CLANG_WARN_ENUM_CONVERSION = YES;
				CLANG_WARN_INFINITE_RECURSION = YES;
				CLANG_WARN_INT_CONVERSION = YES;
				CLANG_WARN_NON_LITERAL_NULL_CONVERSION = YES;
				CLANG_WARN_OBJC_IMPLICIT_RETAIN_SELF = YES;
				CLANG_WARN_OBJC_LITERAL_CONVERSION = YES;
				CLANG_WARN_OBJC_ROOT_CLASS = YES_ERROR;
				CLANG_WARN_QUOTED_INCLUDE_IN_FRAMEWORK_HEADER = YES;
				CLANG_WARN_RANGE_LOOP_ANALYSIS = YES;
				CLANG_WARN_STRICT_PROTOTYPES = YES;
				CLANG_WARN_SUSPICIOUS_MOVE = YES;
				CLANG_WARN_UNGUARDED_AVAILABILITY = YES_AGGRESSIVE;
				CLANG_WARN_UNREACHABLE_CODE = YES;
				CLANG_WARN__DUPLICATE_METHOD_MATCH = YES;
				COPY_PHASE_STRIP = NO;
				DEBUG_INFORMATION_FORMAT = "dwarf-with-dsym";
				ENABLE_NS_ASSERTIONS = NO;
				ENABLE_STRICT_OBJC_MSGSEND = YES;
				GCC_C_LANGUAGE_STANDARD = gnu11;
				GCC_NO_COMMON_BLOCKS = YES;
				GCC_WARN_64_TO_32_BIT_CONVERSION = YES;
				GCC_WARN_ABOUT_RETURN_TYPE = YES_ERROR;
				GCC_WARN_UNDECLARED_SELECTOR = YES;
				GCC_WARN_UNINITIALIZED_AUTOS = YES_AGGRESSIVE;
				GCC_WARN_UNUSED_FUNCTION = YES;
				GCC_WARN_UNUSED_VARIABLE = YES;
				IPHONEOS_DEPLOYMENT_TARGET = 14.5;
				MTL_ENABLE_DEBUG_INFO = NO;
				MTL_FAST_MATH = YES;
				SDKROOT = iphoneos;
				SWIFT_COMPILATION_MODE = wholemodule;
				SWIFT_OPTIMIZATION_LEVEL = "-O";
				VALIDATE_PRODUCT = YES;
			};
			name = Release;
		};
		E077AFB42655E72A00AF6AFB /* Debug */ = {
			isa = XCBuildConfiguration;
			buildSettings = {
				ASSETCATALOG_COMPILER_APPICON_NAME = AppIcon;
				ASSETCATALOG_COMPILER_GLOBAL_ACCENT_COLOR_NAME = AccentColor;
				CODE_SIGN_STYLE = Automatic;
				DEVELOPMENT_ASSET_PATHS = "\"Africa/Preview Content\"";
				DEVELOPMENT_TEAM = QQR7CNC9CB;
				ENABLE_PREVIEWS = YES;
				INFOPLIST_FILE = Africa/Info.plist;
				IPHONEOS_DEPLOYMENT_TARGET = 14.0;
				LD_RUNPATH_SEARCH_PATHS = (
					"$(inherited)",
					"@executable_path/Frameworks",
				);
				PRODUCT_BUNDLE_IDENTIFIER = com.romvictuelles.Africa;
				PRODUCT_NAME = "$(TARGET_NAME)";
				SWIFT_VERSION = 5.0;
				TARGETED_DEVICE_FAMILY = "1,2";
			};
			name = Debug;
		};
		E077AFB52655E72A00AF6AFB /* Release */ = {
			isa = XCBuildConfiguration;
			buildSettings = {
				ASSETCATALOG_COMPILER_APPICON_NAME = AppIcon;
				ASSETCATALOG_COMPILER_GLOBAL_ACCENT_COLOR_NAME = AccentColor;
				CODE_SIGN_STYLE = Automatic;
				DEVELOPMENT_ASSET_PATHS = "\"Africa/Preview Content\"";
				DEVELOPMENT_TEAM = QQR7CNC9CB;
				ENABLE_PREVIEWS = YES;
				INFOPLIST_FILE = Africa/Info.plist;
				IPHONEOS_DEPLOYMENT_TARGET = 14.0;
				LD_RUNPATH_SEARCH_PATHS = (
					"$(inherited)",
					"@executable_path/Frameworks",
				);
				PRODUCT_BUNDLE_IDENTIFIER = com.romvictuelles.Africa;
				PRODUCT_NAME = "$(TARGET_NAME)";
				SWIFT_VERSION = 5.0;
				TARGETED_DEVICE_FAMILY = "1,2";
			};
			name = Release;
		};
/* End XCBuildConfiguration section */

/* Begin XCConfigurationList section */
		E077AF9F2655E72900AF6AFB /* Build configuration list for PBXProject "Africa" */ = {
			isa = XCConfigurationList;
			buildConfigurations = (
				E077AFB12655E72A00AF6AFB /* Debug */,
				E077AFB22655E72A00AF6AFB /* Release */,
			);
			defaultConfigurationIsVisible = 0;
			defaultConfigurationName = Release;
		};
		E077AFB32655E72A00AF6AFB /* Build configuration list for PBXNativeTarget "Africa" */ = {
			isa = XCConfigurationList;
			buildConfigurations = (
				E077AFB42655E72A00AF6AFB /* Debug */,
				E077AFB52655E72A00AF6AFB /* Release */,
			);
			defaultConfigurationIsVisible = 0;
			defaultConfigurationName = Release;
		};
/* End XCConfigurationList section */
	};
	rootObject = E077AF9C2655E72900AF6AFB /* Project object */;
}
